
Microsoft Visual Studio Solution File, Format Version 12.00
# Visual Studio Version 17
VisualStudioVersion = 17.9.34616.47
MinimumVisualStudioVersion = 10.0.40219.1
Project("{FAE04EC0-301F-11D3-BF4B-00C04F79EFBC}") = "RequestSystem", "RequestSystem\RequestSystem.csproj", "{4187C6CA-F83F-4635-93B1-9F3DDA7DB4F3}"
EndProject
Project("{FAE04EC0-301F-11D3-BF4B-00C04F79EFBC}") = "TestRequestSystem", "TestRequestSystem\TestRequestSystem.csproj", "{C550DD35-96BF-44F1-BA29-68E91593467E}"
EndProject
Project("{FAE04EC0-301F-11D3-BF4B-00C04F79EFBC}") = "SqlDataBase", "SqlDataBase\SqlDataBase.csproj", "{C9D5AA08-153C-413B-885A-881B2C20E48A}"
EndProject
Global
	GlobalSection(SolutionConfigurationPlatforms) = preSolution
		Debug|Any CPU = Debug|Any CPU
		Release|Any CPU = Release|Any CPU
	EndGlobalSection
	GlobalSection(ProjectConfigurationPlatforms) = postSolution
		{4187C6CA-F83F-4635-93B1-9F3DDA7DB4F3}.Debug|Any CPU.ActiveCfg = Debug|Any CPU
		{4187C6CA-F83F-4635-93B1-9F3DDA7DB4F3}.Debug|Any CPU.Build.0 = Debug|Any CPU
		{4187C6CA-F83F-4635-93B1-9F3DDA7DB4F3}.Release|Any CPU.ActiveCfg = Release|Any CPU
		{4187C6CA-F83F-4635-93B1-9F3DDA7DB4F3}.Release|Any CPU.Build.0 = Release|Any CPU
		{C550DD35-96BF-44F1-BA29-68E91593467E}.Debug|Any CPU.ActiveCfg = Debug|Any CPU
		{C550DD35-96BF-44F1-BA29-68E91593467E}.Debug|Any CPU.Build.0 = Debug|Any CPU
		{C550DD35-96BF-44F1-BA29-68E91593467E}.Release|Any CPU.ActiveCfg = Release|Any CPU
		{C550DD35-96BF-44F1-BA29-68E91593467E}.Release|Any CPU.Build.0 = Release|Any CPU
		{C9D5AA08-153C-413B-885A-881B2C20E48A}.Debug|Any CPU.ActiveCfg = Debug|Any CPU
		{C9D5AA08-153C-413B-885A-881B2C20E48A}.Debug|Any CPU.Build.0 = Debug|Any CPU
		{C9D5AA08-153C-413B-885A-881B2C20E48A}.Release|Any CPU.ActiveCfg = Release|Any CPU
		{C9D5AA08-153C-413B-885A-881B2C20E48A}.Release|Any CPU.Build.0 = Release|Any CPU
	EndGlobalSection
	GlobalSection(SolutionProperties) = preSolution
		HideSolutionNode = FALSE
	EndGlobalSection
	GlobalSection(ExtensibilityGlobals) = postSolution
		SolutionGuid = {54FBB910-1DC8-47E1-BF95-A58F46F7B322}
	EndGlobalSection
EndGlobal
